
Microsoft Visual Studio Solution File, Format Version 12.00
# Visual Studio Version 16
VisualStudioVersion = 16.0.32901.82
MinimumVisualStudioVersion = 10.0.40219.1
Project("{FAE04EC0-301F-11D3-BF4B-00C04F79EFBC}") = "WpfApp1", "WpfApp1.csproj", "{F49797A4-F618-4E77-9FCE-AD0163899B6D}"
EndProject
Global
	GlobalSection(SolutionConfigurationPlatforms) = preSolution
		Debug|Any CPU = Debug|Any CPU
		Release|Any CPU = Release|Any CPU
	EndGlobalSection
	GlobalSection(ProjectConfigurationPlatforms) = postSolution
		{F49797A4-F618-4E77-9FCE-AD0163899B6D}.Debug|Any CPU.ActiveCfg = Debug|Any CPU
		{F49797A4-F618-4E77-9FCE-AD0163899B6D}.Debug|Any CPU.Build.0 = Debug|Any CPU
		{F49797A4-F618-4E77-9FCE-AD0163899B6D}.Release|Any CPU.ActiveCfg = Release|Any CPU
		{F49797A4-F618-4E77-9FCE-AD0163899B6D}.Release|Any CPU.Build.0 = Release|Any CPU
	EndGlobalSection
	GlobalSection(SolutionProperties) = preSolution
		HideSolutionNode = FALSE
	EndGlobalSection
	GlobalSection(ExtensibilityGlobals) = postSolution
		SolutionGuid = {A104E309-DB69-4D55-92CF-2D1E5AB2A1D2}
	EndGlobalSection
EndGlobal
